// !$*UTF8*$!
{
	archiveVersion = 1;
	classes = {
	};
	objectVersion = 56;
	objects = {

/* Begin PBXBuildFile section */
		EE3900FF2C6BFDC30091674D /* TikTokCloneApp.swift in Sources */ = {isa = PBXBuildFile; fileRef = EE3900FE2C6BFDC30091674D /* TikTokCloneApp.swift */; };
		EE3901012C6BFDC30091674D /* ContentView.swift in Sources */ = {isa = PBXBuildFile; fileRef = EE3901002C6BFDC30091674D /* ContentView.swift */; };
		EE3901032C6BFDC50091674D /* Assets.xcassets in Resources */ = {isa = PBXBuildFile; fileRef = EE3901022C6BFDC50091674D /* Assets.xcassets */; };
		EE3901062C6BFDC50091674D /* Preview Assets.xcassets in Resources */ = {isa = PBXBuildFile; fileRef = EE3901052C6BFDC50091674D /* Preview Assets.xcassets */; };
		EE3901222C6C00360091674D /* MainTabView.swift in Sources */ = {isa = PBXBuildFile; fileRef = EE3901212C6C00360091674D /* MainTabView.swift */; };
		EE39012B2C753D9D0091674D /* FeedView.swift in Sources */ = {isa = PBXBuildFile; fileRef = EE39012A2C753D9D0091674D /* FeedView.swift */; };
		EE39012D2C7540810091674D /* FeedCellView.swift in Sources */ = {isa = PBXBuildFile; fileRef = EE39012C2C7540810091674D /* FeedCellView.swift */; };
		EE3901312C768C8C0091674D /* ExploreView.swift in Sources */ = {isa = PBXBuildFile; fileRef = EE3901302C768C8C0091674D /* ExploreView.swift */; };
		EE3901332C768CB00091674D /* UserCellView.swift in Sources */ = {isa = PBXBuildFile; fileRef = EE3901322C768CB00091674D /* UserCellView.swift */; };
		EE3901352C769BBF0091674D /* NotificationsView.swift in Sources */ = {isa = PBXBuildFile; fileRef = EE3901342C769BBF0091674D /* NotificationsView.swift */; };
		EE3901372C769BEC0091674D /* NotificationCellView.swift in Sources */ = {isa = PBXBuildFile; fileRef = EE3901362C769BEC0091674D /* NotificationCellView.swift */; };
		EE3901532C77CC7C0091674D /* CurrentUserProfileView.swift in Sources */ = {isa = PBXBuildFile; fileRef = EE3901522C77CC7C0091674D /* CurrentUserProfileView.swift */; };
		EE3901552C77CD180091674D /* ProfileHeaderView.swift in Sources */ = {isa = PBXBuildFile; fileRef = EE3901542C77CD180091674D /* ProfileHeaderView.swift */; };
		EE3901572C77CD250091674D /* PostGridView.swift in Sources */ = {isa = PBXBuildFile; fileRef = EE3901562C77CD250091674D /* PostGridView.swift */; };
		EE39015B2C77D24A0091674D /* UserStatView.swift in Sources */ = {isa = PBXBuildFile; fileRef = EE39015A2C77D24A0091674D /* UserStatView.swift */; };
		EE39015D2C77E19E0091674D /* Post.swift in Sources */ = {isa = PBXBuildFile; fileRef = EE39015C2C77E19E0091674D /* Post.swift */; };
		EE3901642C77E24C0091674D /* FeedViewModel.swift in Sources */ = {isa = PBXBuildFile; fileRef = EE3901632C77E24C0091674D /* FeedViewModel.swift */; };
		EE7DFC332C90ED240086D6CA /* ImageUploader.swift in Sources */ = {isa = PBXBuildFile; fileRef = EE7DFC322C90ED240086D6CA /* ImageUploader.swift */; };
		EE904AC72C78FC7400D5AAFB /* CustomVideoPlayer.swift in Sources */ = {isa = PBXBuildFile; fileRef = EE904AC62C78FC7400D5AAFB /* CustomVideoPlayer.swift */; };
		EE904B062C7E66CE00D5AAFB /* LoginView.swift in Sources */ = {isa = PBXBuildFile; fileRef = EE904B052C7E66CE00D5AAFB /* LoginView.swift */; };
		EE904B082C7E66DD00D5AAFB /* RegistrationView.swift in Sources */ = {isa = PBXBuildFile; fileRef = EE904B072C7E66DD00D5AAFB /* RegistrationView.swift */; };
		EE904B0A2C7E6D9600D5AAFB /* StandardTextfieldModifier.swift in Sources */ = {isa = PBXBuildFile; fileRef = EE904B092C7E6D9600D5AAFB /* StandardTextfieldModifier.swift */; };
		EE904B0C2C7E849700D5AAFB /* AuthenticationFormProtocol.swift in Sources */ = {isa = PBXBuildFile; fileRef = EE904B0B2C7E849700D5AAFB /* AuthenticationFormProtocol.swift */; };
		EE904B1F2C7FBE9000D5AAFB /* FirebaseAnalytics in Frameworks */ = {isa = PBXBuildFile; productRef = EE904B1E2C7FBE9000D5AAFB /* FirebaseAnalytics */; };
		EE904B212C7FBE9000D5AAFB /* FirebaseAnalyticsOnDeviceConversion in Frameworks */ = {isa = PBXBuildFile; productRef = EE904B202C7FBE9000D5AAFB /* FirebaseAnalyticsOnDeviceConversion */; };
		EE904B232C7FBE9000D5AAFB /* FirebaseAnalyticsWithoutAdIdSupport in Frameworks */ = {isa = PBXBuildFile; productRef = EE904B222C7FBE9000D5AAFB /* FirebaseAnalyticsWithoutAdIdSupport */; };
		EE904B252C7FBE9000D5AAFB /* FirebaseAppCheck in Frameworks */ = {isa = PBXBuildFile; productRef = EE904B242C7FBE9000D5AAFB /* FirebaseAppCheck */; };
		EE904B272C7FBE9000D5AAFB /* FirebaseAppDistribution-Beta in Frameworks */ = {isa = PBXBuildFile; productRef = EE904B262C7FBE9000D5AAFB /* FirebaseAppDistribution-Beta */; };
		EE904B2D2C81185200D5AAFB /* AuthService.swift in Sources */ = {isa = PBXBuildFile; fileRef = EE904B2C2C81185200D5AAFB /* AuthService.swift */; };
		EE904B2F2C8119C900D5AAFB /* LogInViewModel.swift in Sources */ = {isa = PBXBuildFile; fileRef = EE904B2E2C8119C900D5AAFB /* LogInViewModel.swift */; };
		EE904B312C81242300D5AAFB /* RegistrationViewModel.swift in Sources */ = {isa = PBXBuildFile; fileRef = EE904B302C81242300D5AAFB /* RegistrationViewModel.swift */; };
		EE904B342C8260D800D5AAFB /* FirebaseAuth in Frameworks */ = {isa = PBXBuildFile; productRef = EE904B332C8260D800D5AAFB /* FirebaseAuth */; };
		EE904B362C8260D800D5AAFB /* FirebaseDatabase in Frameworks */ = {isa = PBXBuildFile; productRef = EE904B352C8260D800D5AAFB /* FirebaseDatabase */; };
		EE904B382C8260D800D5AAFB /* FirebaseFirestore in Frameworks */ = {isa = PBXBuildFile; productRef = EE904B372C8260D800D5AAFB /* FirebaseFirestore */; };
		EE904B3A2C8260D800D5AAFB /* FirebaseStorage in Frameworks */ = {isa = PBXBuildFile; productRef = EE904B392C8260D800D5AAFB /* FirebaseStorage */; };
		EE904B3C2C82637B00D5AAFB /* ContentViewModel.swift in Sources */ = {isa = PBXBuildFile; fileRef = EE904B3B2C82637B00D5AAFB /* ContentViewModel.swift */; };
		EE904B642C8A102500D5AAFB /* User.swift in Sources */ = {isa = PBXBuildFile; fileRef = EE904B632C8A102500D5AAFB /* User.swift */; };
		EE904B662C8A114D00D5AAFB /* UserService.swift in Sources */ = {isa = PBXBuildFile; fileRef = EE904B652C8A114D00D5AAFB /* UserService.swift */; };
		EE904B682C8A34A900D5AAFB /* PreviewProvider.swift in Sources */ = {isa = PBXBuildFile; fileRef = EE904B672C8A34A900D5AAFB /* PreviewProvider.swift */; };
		EE904B6C2C8A3A1A00D5AAFB /* ExploreViewModel.swift in Sources */ = {isa = PBXBuildFile; fileRef = EE904B6B2C8A3A1A00D5AAFB /* ExploreViewModel.swift */; };
		EE904B8C2C8B69D100D5AAFB /* UserProfileView.swift in Sources */ = {isa = PBXBuildFile; fileRef = EE904B8B2C8B69D000D5AAFB /* UserProfileView.swift */; };
		EE904B902C8B87B300D5AAFB /* Firestore+Constants.swift in Sources */ = {isa = PBXBuildFile; fileRef = EE904B8F2C8B87B300D5AAFB /* Firestore+Constants.swift */; };
		EE904B9B2C8F5E9700D5AAFB /* EditProfileView.swift in Sources */ = {isa = PBXBuildFile; fileRef = EE904B9A2C8F5E9700D5AAFB /* EditProfileView.swift */; };
		EE904BA22C8F8A9C00D5AAFB /* EditProfileOptions.swift in Sources */ = {isa = PBXBuildFile; fileRef = EE904BA12C8F8A9C00D5AAFB /* EditProfileOptions.swift */; };
		EE904BA62C8F97D400D5AAFB /* EditProfileDetailView.swift in Sources */ = {isa = PBXBuildFile; fileRef = EE904BA52C8F97D400D5AAFB /* EditProfileDetailView.swift */; };
		EE904BA82C90AE5900D5AAFB /* EditProfileOptionRowView.swift in Sources */ = {isa = PBXBuildFile; fileRef = EE904BA72C90AE5900D5AAFB /* EditProfileOptionRowView.swift */; };
/* End PBXBuildFile section */

/* Begin PBXFileReference section */
		EE3900FB2C6BFDC30091674D /* TikTokClone.app */ = {isa = PBXFileReference; explicitFileType = wrapper.application; includeInIndex = 0; path = TikTokClone.app; sourceTree = BUILT_PRODUCTS_DIR; };
		EE3900FE2C6BFDC30091674D /* TikTokCloneApp.swift */ = {isa = PBXFileReference; lastKnownFileType = sourcecode.swift; path = TikTokCloneApp.swift; sourceTree = "<group>"; };
		EE3901002C6BFDC30091674D /* ContentView.swift */ = {isa = PBXFileReference; lastKnownFileType = sourcecode.swift; path = ContentView.swift; sourceTree = "<group>"; };
		EE3901022C6BFDC50091674D /* Assets.xcassets */ = {isa = PBXFileReference; lastKnownFileType = folder.assetcatalog; path = Assets.xcassets; sourceTree = "<group>"; };
		EE3901052C6BFDC50091674D /* Preview Assets.xcassets */ = {isa = PBXFileReference; lastKnownFileType = folder.assetcatalog; path = "Preview Assets.xcassets"; sourceTree = "<group>"; };
		EE3901212C6C00360091674D /* MainTabView.swift */ = {isa = PBXFileReference; lastKnownFileType = sourcecode.swift; path = MainTabView.swift; sourceTree = "<group>"; };
		EE39012A2C753D9D0091674D /* FeedView.swift */ = {isa = PBXFileReference; lastKnownFileType = sourcecode.swift; path = FeedView.swift; sourceTree = "<group>"; };
		EE39012C2C7540810091674D /* FeedCellView.swift */ = {isa = PBXFileReference; lastKnownFileType = sourcecode.swift; path = FeedCellView.swift; sourceTree = "<group>"; };
		EE3901302C768C8C0091674D /* ExploreView.swift */ = {isa = PBXFileReference; lastKnownFileType = sourcecode.swift; path = ExploreView.swift; sourceTree = "<group>"; };
		EE3901322C768CB00091674D /* UserCellView.swift */ = {isa = PBXFileReference; lastKnownFileType = sourcecode.swift; path = UserCellView.swift; sourceTree = "<group>"; };
		EE3901342C769BBF0091674D /* NotificationsView.swift */ = {isa = PBXFileReference; lastKnownFileType = sourcecode.swift; path = NotificationsView.swift; sourceTree = "<group>"; };
		EE3901362C769BEC0091674D /* NotificationCellView.swift */ = {isa = PBXFileReference; lastKnownFileType = sourcecode.swift; path = NotificationCellView.swift; sourceTree = "<group>"; };
		EE3901522C77CC7C0091674D /* CurrentUserProfileView.swift */ = {isa = PBXFileReference; lastKnownFileType = sourcecode.swift; path = CurrentUserProfileView.swift; sourceTree = "<group>"; };
		EE3901542C77CD180091674D /* ProfileHeaderView.swift */ = {isa = PBXFileReference; lastKnownFileType = sourcecode.swift; path = ProfileHeaderView.swift; sourceTree = "<group>"; };
		EE3901562C77CD250091674D /* PostGridView.swift */ = {isa = PBXFileReference; lastKnownFileType = sourcecode.swift; path = PostGridView.swift; sourceTree = "<group>"; };
		EE39015A2C77D24A0091674D /* UserStatView.swift */ = {isa = PBXFileReference; lastKnownFileType = sourcecode.swift; path = UserStatView.swift; sourceTree = "<group>"; };
		EE39015C2C77E19E0091674D /* Post.swift */ = {isa = PBXFileReference; lastKnownFileType = sourcecode.swift; path = Post.swift; sourceTree = "<group>"; };
		EE3901632C77E24C0091674D /* FeedViewModel.swift */ = {isa = PBXFileReference; lastKnownFileType = sourcecode.swift; path = FeedViewModel.swift; sourceTree = "<group>"; };
		EE7DFC322C90ED240086D6CA /* ImageUploader.swift */ = {isa = PBXFileReference; lastKnownFileType = sourcecode.swift; path = ImageUploader.swift; sourceTree = "<group>"; };
		EE904AC62C78FC7400D5AAFB /* CustomVideoPlayer.swift */ = {isa = PBXFileReference; lastKnownFileType = sourcecode.swift; path = CustomVideoPlayer.swift; sourceTree = "<group>"; };
		EE904B052C7E66CE00D5AAFB /* LoginView.swift */ = {isa = PBXFileReference; lastKnownFileType = sourcecode.swift; path = LoginView.swift; sourceTree = "<group>"; };
		EE904B072C7E66DD00D5AAFB /* RegistrationView.swift */ = {isa = PBXFileReference; lastKnownFileType = sourcecode.swift; path = RegistrationView.swift; sourceTree = "<group>"; };
		EE904B092C7E6D9600D5AAFB /* StandardTextfieldModifier.swift */ = {isa = PBXFileReference; lastKnownFileType = sourcecode.swift; path = StandardTextfieldModifier.swift; sourceTree = "<group>"; };
		EE904B0B2C7E849700D5AAFB /* AuthenticationFormProtocol.swift */ = {isa = PBXFileReference; lastKnownFileType = sourcecode.swift; path = AuthenticationFormProtocol.swift; sourceTree = "<group>"; };
		EE904B2C2C81185200D5AAFB /* AuthService.swift */ = {isa = PBXFileReference; lastKnownFileType = sourcecode.swift; path = AuthService.swift; sourceTree = "<group>"; };
		EE904B2E2C8119C900D5AAFB /* LogInViewModel.swift */ = {isa = PBXFileReference; lastKnownFileType = sourcecode.swift; path = LogInViewModel.swift; sourceTree = "<group>"; };
		EE904B302C81242300D5AAFB /* RegistrationViewModel.swift */ = {isa = PBXFileReference; lastKnownFileType = sourcecode.swift; path = RegistrationViewModel.swift; sourceTree = "<group>"; };
		EE904B3B2C82637B00D5AAFB /* ContentViewModel.swift */ = {isa = PBXFileReference; lastKnownFileType = sourcecode.swift; path = ContentViewModel.swift; sourceTree = "<group>"; };
		EE904B632C8A102500D5AAFB /* User.swift */ = {isa = PBXFileReference; lastKnownFileType = sourcecode.swift; path = User.swift; sourceTree = "<group>"; };
		EE904B652C8A114D00D5AAFB /* UserService.swift */ = {isa = PBXFileReference; lastKnownFileType = sourcecode.swift; path = UserService.swift; sourceTree = "<group>"; };
		EE904B672C8A34A900D5AAFB /* PreviewProvider.swift */ = {isa = PBXFileReference; lastKnownFileType = sourcecode.swift; path = PreviewProvider.swift; sourceTree = "<group>"; };
		EE904B6B2C8A3A1A00D5AAFB /* ExploreViewModel.swift */ = {isa = PBXFileReference; lastKnownFileType = sourcecode.swift; path = ExploreViewModel.swift; sourceTree = "<group>"; };
		EE904B8B2C8B69D000D5AAFB /* UserProfileView.swift */ = {isa = PBXFileReference; lastKnownFileType = sourcecode.swift; path = UserProfileView.swift; sourceTree = "<group>"; };
		EE904B8F2C8B87B300D5AAFB /* Firestore+Constants.swift */ = {isa = PBXFileReference; lastKnownFileType = sourcecode.swift; path = "Firestore+Constants.swift"; sourceTree = "<group>"; };
		EE904B9A2C8F5E9700D5AAFB /* EditProfileView.swift */ = {isa = PBXFileReference; lastKnownFileType = sourcecode.swift; path = EditProfileView.swift; sourceTree = "<group>"; };
		EE904BA12C8F8A9C00D5AAFB /* EditProfileOptions.swift */ = {isa = PBXFileReference; lastKnownFileType = sourcecode.swift; path = EditProfileOptions.swift; sourceTree = "<group>"; };
		EE904BA52C8F97D400D5AAFB /* EditProfileDetailView.swift */ = {isa = PBXFileReference; lastKnownFileType = sourcecode.swift; path = EditProfileDetailView.swift; sourceTree = "<group>"; };
		EE904BA72C90AE5900D5AAFB /* EditProfileOptionRowView.swift */ = {isa = PBXFileReference; lastKnownFileType = sourcecode.swift; path = EditProfileOptionRowView.swift; sourceTree = "<group>"; };
/* End PBXFileReference section */

/* Begin PBXFrameworksBuildPhase section */
		EE3900F82C6BFDC30091674D /* Frameworks */ = {
			isa = PBXFrameworksBuildPhase;
			buildActionMask = 2147483647;
			files = (
				EE904B252C7FBE9000D5AAFB /* FirebaseAppCheck in Frameworks */,
				EE904B342C8260D800D5AAFB /* FirebaseAuth in Frameworks */,
				EE904B3A2C8260D800D5AAFB /* FirebaseStorage in Frameworks */,
				EE904B1F2C7FBE9000D5AAFB /* FirebaseAnalytics in Frameworks */,
				EE904B272C7FBE9000D5AAFB /* FirebaseAppDistribution-Beta in Frameworks */,
				EE904B232C7FBE9000D5AAFB /* FirebaseAnalyticsWithoutAdIdSupport in Frameworks */,
				EE904B382C8260D800D5AAFB /* FirebaseFirestore in Frameworks */,
				EE904B362C8260D800D5AAFB /* FirebaseDatabase in Frameworks */,
				EE904B212C7FBE9000D5AAFB /* FirebaseAnalyticsOnDeviceConversion in Frameworks */,
			);
			runOnlyForDeploymentPostprocessing = 0;
		};
/* End PBXFrameworksBuildPhase section */

/* Begin PBXGroup section */
		EE3900F22C6BFDC30091674D = {
			isa = PBXGroup;
			children = (
				EE3900FD2C6BFDC30091674D /* TikTokClone */,
				EE3900FC2C6BFDC30091674D /* Products */,
				EE904B322C8260D700D5AAFB /* Frameworks */,
			);
			sourceTree = "<group>";
		};
		EE3900FC2C6BFDC30091674D /* Products */ = {
			isa = PBXGroup;
			children = (
				EE3900FB2C6BFDC30091674D /* TikTokClone.app */,
			);
			name = Products;
			sourceTree = "<group>";
		};
		EE3900FD2C6BFDC30091674D /* TikTokClone */ = {
			isa = PBXGroup;
			children = (
				EE39010C2C6BFDFE0091674D /* App */,
				EE3901122C6BFE5D0091674D /* Core */,
				EE3901142C6BFE610091674D /* Extensions */,
				EE3901152C6BFE620091674D /* Model */,
				EE3901132C6BFE5F0091674D /* Services */,
				EE3901162C6BFE640091674D /* Utilities */,
				EE3901022C6BFDC50091674D /* Assets.xcassets */,
				EE3901042C6BFDC50091674D /* Preview Content */,
			);
			path = TikTokClone;
			sourceTree = "<group>";
		};
		EE3901042C6BFDC50091674D /* Preview Content */ = {
			isa = PBXGroup;
			children = (
				EE3901052C6BFDC50091674D /* Preview Assets.xcassets */,
			);
			path = "Preview Content";
			sourceTree = "<group>";
		};
		EE39010C2C6BFDFE0091674D /* App */ = {
			isa = PBXGroup;
			children = (
				EE3900FE2C6BFDC30091674D /* TikTokCloneApp.swift */,
			);
			path = App;
			sourceTree = "<group>";
		};
		EE3901122C6BFE5D0091674D /* Core */ = {
			isa = PBXGroup;
			children = (
				EE3901202C6BFF750091674D /* Authentication */,
				EE39011F2C6BFF730091674D /* Comments */,
				EE39011E2C6BFF720091674D /* Components */,
				EE3901292C753D740091674D /* Feed */,
				EE39011C2C6BFF700091674D /* Notifications */,
				EE39011B2C6BFF6E0091674D /* Profile */,
				EE39011A2C6BFF6D0091674D /* Root */,
				EE3901192C6BFF6C0091674D /* Search */,
				EE3901182C6BFF6A0091674D /* TabBar */,
				EE3901172C6BFF670091674D /* UploadMedia */,
			);
			path = Core;
			sourceTree = "<group>";
		};
		EE3901132C6BFE5F0091674D /* Services */ = {
			isa = PBXGroup;
			children = (
				EE904B652C8A114D00D5AAFB /* UserService.swift */,
			);
			path = Services;
			sourceTree = "<group>";
		};
		EE3901142C6BFE610091674D /* Extensions */ = {
			isa = PBXGroup;
			children = (
				EE904B672C8A34A900D5AAFB /* PreviewProvider.swift */,
			);
			path = Extensions;
			sourceTree = "<group>";
		};
		EE3901152C6BFE620091674D /* Model */ = {
			isa = PBXGroup;
			children = (
				EE39015C2C77E19E0091674D /* Post.swift */,
				EE904B632C8A102500D5AAFB /* User.swift */,
			);
			path = Model;
			sourceTree = "<group>";
		};
		EE3901162C6BFE640091674D /* Utilities */ = {
			isa = PBXGroup;
			children = (
				EE904B092C7E6D9600D5AAFB /* StandardTextfieldModifier.swift */,
				EE904B8F2C8B87B300D5AAFB /* Firestore+Constants.swift */,
			);
			path = Utilities;
			sourceTree = "<group>";
		};
		EE3901172C6BFF670091674D /* UploadMedia */ = {
			isa = PBXGroup;
			children = (
				EE7DFC2F2C90ED030086D6CA /* Service */,
			);
			path = UploadMedia;
			sourceTree = "<group>";
		};
		EE3901182C6BFF6A0091674D /* TabBar */ = {
			isa = PBXGroup;
			children = (
				EE3901212C6C00360091674D /* MainTabView.swift */,
			);
			path = TabBar;
			sourceTree = "<group>";
		};
		EE3901192C6BFF6C0091674D /* Search */ = {
			isa = PBXGroup;
			children = (
				EE904B6A2C8A39C400D5AAFB /* View */,
				EE904B692C8A39B700D5AAFB /* ViewModel */,
			);
			path = Search;
			sourceTree = "<group>";
		};
		EE39011A2C6BFF6D0091674D /* Root */ = {
			isa = PBXGroup;
			children = (
				EE3901002C6BFDC30091674D /* ContentView.swift */,
				EE904B3B2C82637B00D5AAFB /* ContentViewModel.swift */,
			);
			path = Root;
			sourceTree = "<group>";
		};
		EE39011B2C6BFF6E0091674D /* Profile */ = {
			isa = PBXGroup;
			children = (
				EE904B972C8F5E5300D5AAFB /* EditProfile */,
				EE3901582C77D1DF0091674D /* Components */,
				EE3901592C77D2000091674D /* View */,
			);
			path = Profile;
			sourceTree = "<group>";
		};
		EE39011C2C6BFF700091674D /* Notifications */ = {
			isa = PBXGroup;
			children = (
				EE3901342C769BBF0091674D /* NotificationsView.swift */,
				EE3901362C769BEC0091674D /* NotificationCellView.swift */,
			);
			path = Notifications;
			sourceTree = "<group>";
		};
		EE39011E2C6BFF720091674D /* Components */ = {
			isa = PBXGroup;
			children = (
				EE904AC62C78FC7400D5AAFB /* CustomVideoPlayer.swift */,
			);
			path = Components;
			sourceTree = "<group>";
		};
		EE39011F2C6BFF730091674D /* Comments */ = {
			isa = PBXGroup;
			children = (
			);
			path = Comments;
			sourceTree = "<group>";
		};
		EE3901202C6BFF750091674D /* Authentication */ = {
			isa = PBXGroup;
			children = (
				EE904B042C7E667E00D5AAFB /* Model */,
				EE904B032C7E667D00D5AAFB /* Protocols */,
				EE904B022C7E667B00D5AAFB /* Service */,
				EE904B012C7E667900D5AAFB /* View */,
				EE904B002C7E667700D5AAFB /* ViewModel */,
			);
			path = Authentication;
			sourceTree = "<group>";
		};
		EE3901292C753D740091674D /* Feed */ = {
			isa = PBXGroup;
			children = (
				EE3901622C77E2100091674D /* Service */,
				EE3901612C77E20D0091674D /* View */,
				EE39015E2C77E1FD0091674D /* ViewModel */,
			);
			path = Feed;
			sourceTree = "<group>";
		};
		EE3901582C77D1DF0091674D /* Components */ = {
			isa = PBXGroup;
			children = (
				EE3901542C77CD180091674D /* ProfileHeaderView.swift */,
				EE3901562C77CD250091674D /* PostGridView.swift */,
				EE39015A2C77D24A0091674D /* UserStatView.swift */,
			);
			path = Components;
			sourceTree = "<group>";
		};
		EE3901592C77D2000091674D /* View */ = {
			isa = PBXGroup;
			children = (
				EE3901522C77CC7C0091674D /* CurrentUserProfileView.swift */,
				EE904B8B2C8B69D000D5AAFB /* UserProfileView.swift */,
			);
			path = View;
			sourceTree = "<group>";
		};
		EE39015E2C77E1FD0091674D /* ViewModel */ = {
			isa = PBXGroup;
			children = (
				EE3901632C77E24C0091674D /* FeedViewModel.swift */,
			);
			path = ViewModel;
			sourceTree = "<group>";
		};
		EE3901612C77E20D0091674D /* View */ = {
			isa = PBXGroup;
			children = (
				EE39012A2C753D9D0091674D /* FeedView.swift */,
				EE39012C2C7540810091674D /* FeedCellView.swift */,
			);
			path = View;
			sourceTree = "<group>";
		};
		EE3901622C77E2100091674D /* Service */ = {
			isa = PBXGroup;
			children = (
			);
			path = Service;
			sourceTree = "<group>";
		};
		EE7DFC2F2C90ED030086D6CA /* Service */ = {
			isa = PBXGroup;
			children = (
				EE7DFC322C90ED240086D6CA /* ImageUploader.swift */,
			);
			path = Service;
			sourceTree = "<group>";
		};
		EE904B002C7E667700D5AAFB /* ViewModel */ = {
			isa = PBXGroup;
			children = (
				EE904B2E2C8119C900D5AAFB /* LogInViewModel.swift */,
				EE904B302C81242300D5AAFB /* RegistrationViewModel.swift */,
			);
			path = ViewModel;
			sourceTree = "<group>";
		};
		EE904B012C7E667900D5AAFB /* View */ = {
			isa = PBXGroup;
			children = (
				EE904B052C7E66CE00D5AAFB /* LoginView.swift */,
				EE904B072C7E66DD00D5AAFB /* RegistrationView.swift */,
			);
			path = View;
			sourceTree = "<group>";
		};
		EE904B022C7E667B00D5AAFB /* Service */ = {
			isa = PBXGroup;
			children = (
				EE904B2C2C81185200D5AAFB /* AuthService.swift */,
			);
			path = Service;
			sourceTree = "<group>";
		};
		EE904B032C7E667D00D5AAFB /* Protocols */ = {
			isa = PBXGroup;
			children = (
				EE904B0B2C7E849700D5AAFB /* AuthenticationFormProtocol.swift */,
			);
			path = Protocols;
			sourceTree = "<group>";
		};
		EE904B042C7E667E00D5AAFB /* Model */ = {
			isa = PBXGroup;
			children = (
			);
			path = Model;
			sourceTree = "<group>";
		};
		EE904B322C8260D700D5AAFB /* Frameworks */ = {
			isa = PBXGroup;
			children = (
			);
			name = Frameworks;
			sourceTree = "<group>";
		};
		EE904B692C8A39B700D5AAFB /* ViewModel */ = {
			isa = PBXGroup;
			children = (
				EE904B6B2C8A3A1A00D5AAFB /* ExploreViewModel.swift */,
			);
			path = ViewModel;
			sourceTree = "<group>";
		};
		EE904B6A2C8A39C400D5AAFB /* View */ = {
			isa = PBXGroup;
			children = (
				EE3901302C768C8C0091674D /* ExploreView.swift */,
				EE3901322C768CB00091674D /* UserCellView.swift */,
			);
			path = View;
			sourceTree = "<group>";
		};
		EE904B972C8F5E5300D5AAFB /* EditProfile */ = {
			isa = PBXGroup;
			children = (
				EE904BA02C8F8A8200D5AAFB /* Model */,
				EE904B982C8F5E6C00D5AAFB /* Views */,
			);
			path = EditProfile;
			sourceTree = "<group>";
		};
		EE904B982C8F5E6C00D5AAFB /* Views */ = {
			isa = PBXGroup;
			children = (
				EE904B9A2C8F5E9700D5AAFB /* EditProfileView.swift */,
				EE904BA52C8F97D400D5AAFB /* EditProfileDetailView.swift */,
				EE904BA72C90AE5900D5AAFB /* EditProfileOptionRowView.swift */,
			);
			path = Views;
			sourceTree = "<group>";
		};
		EE904BA02C8F8A8200D5AAFB /* Model */ = {
			isa = PBXGroup;
			children = (
				EE904BA12C8F8A9C00D5AAFB /* EditProfileOptions.swift */,
			);
			path = Model;
			sourceTree = "<group>";
		};
/* End PBXGroup section */

/* Begin PBXNativeTarget section */
		EE3900FA2C6BFDC30091674D /* TikTokClone */ = {
			isa = PBXNativeTarget;
			buildConfigurationList = EE3901092C6BFDC50091674D /* Build configuration list for PBXNativeTarget "TikTokClone" */;
			buildPhases = (
				EE3900F72C6BFDC30091674D /* Sources */,
				EE3900F82C6BFDC30091674D /* Frameworks */,
				EE3900F92C6BFDC30091674D /* Resources */,
			);
			buildRules = (
			);
			dependencies = (
			);
			name = TikTokClone;
			packageProductDependencies = (
				EE904B1E2C7FBE9000D5AAFB /* FirebaseAnalytics */,
				EE904B202C7FBE9000D5AAFB /* FirebaseAnalyticsOnDeviceConversion */,
				EE904B222C7FBE9000D5AAFB /* FirebaseAnalyticsWithoutAdIdSupport */,
				EE904B242C7FBE9000D5AAFB /* FirebaseAppCheck */,
				EE904B262C7FBE9000D5AAFB /* FirebaseAppDistribution-Beta */,
				EE904B332C8260D800D5AAFB /* FirebaseAuth */,
				EE904B352C8260D800D5AAFB /* FirebaseDatabase */,
				EE904B372C8260D800D5AAFB /* FirebaseFirestore */,
				EE904B392C8260D800D5AAFB /* FirebaseStorage */,
			);
			productName = TikTokClone;
			productReference = EE3900FB2C6BFDC30091674D /* TikTokClone.app */;
			productType = "com.apple.product-type.application";
		};
/* End PBXNativeTarget section */

/* Begin PBXProject section */
		EE3900F32C6BFDC30091674D /* Project object */ = {
			isa = PBXProject;
			attributes = {
				BuildIndependentTargetsInParallel = 1;
				LastSwiftUpdateCheck = 1520;
				LastUpgradeCheck = 1520;
				TargetAttributes = {
					EE3900FA2C6BFDC30091674D = {
						CreatedOnToolsVersion = 15.2;
					};
				};
			};
			buildConfigurationList = EE3900F62C6BFDC30091674D /* Build configuration list for PBXProject "TikTokClone" */;
			compatibilityVersion = "Xcode 14.0";
			developmentRegion = en;
			hasScannedForEncodings = 0;
			knownRegions = (
				en,
				Base,
			);
			mainGroup = EE3900F22C6BFDC30091674D;
			packageReferences = (
				EE904B1D2C7FBE9000D5AAFB /* XCRemoteSwiftPackageReference "firebase-ios-sdk" */,
			);
			productRefGroup = EE3900FC2C6BFDC30091674D /* Products */;
			projectDirPath = "";
			projectRoot = "";
			targets = (
				EE3900FA2C6BFDC30091674D /* TikTokClone */,
			);
		};
/* End PBXProject section */

/* Begin PBXResourcesBuildPhase section */
		EE3900F92C6BFDC30091674D /* Resources */ = {
			isa = PBXResourcesBuildPhase;
			buildActionMask = 2147483647;
			files = (
				EE3901062C6BFDC50091674D /* Preview Assets.xcassets in Resources */,
				EE3901032C6BFDC50091674D /* Assets.xcassets in Resources */,
			);
			runOnlyForDeploymentPostprocessing = 0;
		};
/* End PBXResourcesBuildPhase section */

/* Begin PBXSourcesBuildPhase section */
		EE3900F72C6BFDC30091674D /* Sources */ = {
			isa = PBXSourcesBuildPhase;
			buildActionMask = 2147483647;
			files = (
				EE3901552C77CD180091674D /* ProfileHeaderView.swift in Sources */,
				EE904B0A2C7E6D9600D5AAFB /* StandardTextfieldModifier.swift in Sources */,
				EE904B2F2C8119C900D5AAFB /* LogInViewModel.swift in Sources */,
				EE904B642C8A102500D5AAFB /* User.swift in Sources */,
				EE904AC72C78FC7400D5AAFB /* CustomVideoPlayer.swift in Sources */,
				EE904B902C8B87B300D5AAFB /* Firestore+Constants.swift in Sources */,
				EE39012B2C753D9D0091674D /* FeedView.swift in Sources */,
				EE7DFC332C90ED240086D6CA /* ImageUploader.swift in Sources */,
				EE904B662C8A114D00D5AAFB /* UserService.swift in Sources */,
				EE904B682C8A34A900D5AAFB /* PreviewProvider.swift in Sources */,
				EE904BA62C8F97D400D5AAFB /* EditProfileDetailView.swift in Sources */,
				EE904B082C7E66DD00D5AAFB /* RegistrationView.swift in Sources */,
				EE3901012C6BFDC30091674D /* ContentView.swift in Sources */,
				EE904B2D2C81185200D5AAFB /* AuthService.swift in Sources */,
				EE904B3C2C82637B00D5AAFB /* ContentViewModel.swift in Sources */,
				EE39015B2C77D24A0091674D /* UserStatView.swift in Sources */,
				EE3900FF2C6BFDC30091674D /* TikTokCloneApp.swift in Sources */,
				EE3901642C77E24C0091674D /* FeedViewModel.swift in Sources */,
				EE39015D2C77E19E0091674D /* Post.swift in Sources */,
				EE904B0C2C7E849700D5AAFB /* AuthenticationFormProtocol.swift in Sources */,
				EE904B312C81242300D5AAFB /* RegistrationViewModel.swift in Sources */,
				EE3901332C768CB00091674D /* UserCellView.swift in Sources */,
				EE3901222C6C00360091674D /* MainTabView.swift in Sources */,
				EE904BA82C90AE5900D5AAFB /* EditProfileOptionRowView.swift in Sources */,
				EE904B9B2C8F5E9700D5AAFB /* EditProfileView.swift in Sources */,
				EE904BA22C8F8A9C00D5AAFB /* EditProfileOptions.swift in Sources */,
				EE904B6C2C8A3A1A00D5AAFB /* ExploreViewModel.swift in Sources */,
				EE904B062C7E66CE00D5AAFB /* LoginView.swift in Sources */,
				EE3901372C769BEC0091674D /* NotificationCellView.swift in Sources */,
				EE3901312C768C8C0091674D /* ExploreView.swift in Sources */,
				EE3901572C77CD250091674D /* PostGridView.swift in Sources */,
				EE904B8C2C8B69D100D5AAFB /* UserProfileView.swift in Sources */,
				EE3901532C77CC7C0091674D /* CurrentUserProfileView.swift in Sources */,
				EE39012D2C7540810091674D /* FeedCellView.swift in Sources */,
				EE3901352C769BBF0091674D /* NotificationsView.swift in Sources */,
			);
			runOnlyForDeploymentPostprocessing = 0;
		};
/* End PBXSourcesBuildPhase section */

/* Begin XCBuildConfiguration section */
		EE3901072C6BFDC50091674D /* Debug */ = {
			isa = XCBuildConfiguration;
			buildSettings = {
				ALWAYS_SEARCH_USER_PATHS = NO;
				ASSETCATALOG_COMPILER_GENERATE_SWIFT_ASSET_SYMBOL_EXTENSIONS = YES;
				CLANG_ANALYZER_NONNULL = YES;
				CLANG_ANALYZER_NUMBER_OBJECT_CONVERSION = YES_AGGRESSIVE;
				CLANG_CXX_LANGUAGE_STANDARD = "gnu++20";
				CLANG_ENABLE_MODULES = YES;
				CLANG_ENABLE_OBJC_ARC = YES;
				CLANG_ENABLE_OBJC_WEAK = YES;
				CLANG_WARN_BLOCK_CAPTURE_AUTORELEASING = YES;
				CLANG_WARN_BOOL_CONVERSION = YES;
				CLANG_WARN_COMMA = YES;
				CLANG_WARN_CONSTANT_CONVERSION = YES;
				CLANG_WARN_DEPRECATED_OBJC_IMPLEMENTATIONS = YES;
				CLANG_WARN_DIRECT_OBJC_ISA_USAGE = YES_ERROR;
				CLANG_WARN_DOCUMENTATION_COMMENTS = YES;
				CLANG_WARN_EMPTY_BODY = YES;
				CLANG_WARN_ENUM_CONVERSION = YES;
				CLANG_WARN_INFINITE_RECURSION = YES;
				CLANG_WARN_INT_CONVERSION = YES;
				CLANG_WARN_NON_LITERAL_NULL_CONVERSION = YES;
				CLANG_WARN_OBJC_IMPLICIT_RETAIN_SELF = YES;
				CLANG_WARN_OBJC_LITERAL_CONVERSION = YES;
				CLANG_WARN_OBJC_ROOT_CLASS = YES_ERROR;
				CLANG_WARN_QUOTED_INCLUDE_IN_FRAMEWORK_HEADER = YES;
				CLANG_WARN_RANGE_LOOP_ANALYSIS = YES;
				CLANG_WARN_STRICT_PROTOTYPES = YES;
				CLANG_WARN_SUSPICIOUS_MOVE = YES;
				CLANG_WARN_UNGUARDED_AVAILABILITY = YES_AGGRESSIVE;
				CLANG_WARN_UNREACHABLE_CODE = YES;
				CLANG_WARN__DUPLICATE_METHOD_MATCH = YES;
				COPY_PHASE_STRIP = NO;
				DEBUG_INFORMATION_FORMAT = dwarf;
				ENABLE_STRICT_OBJC_MSGSEND = YES;
				ENABLE_TESTABILITY = YES;
				ENABLE_USER_SCRIPT_SANDBOXING = YES;
				GCC_C_LANGUAGE_STANDARD = gnu17;
				GCC_DYNAMIC_NO_PIC = NO;
				GCC_NO_COMMON_BLOCKS = YES;
				GCC_OPTIMIZATION_LEVEL = 0;
				GCC_PREPROCESSOR_DEFINITIONS = (
					"DEBUG=1",
					"$(inherited)",
				);
				GCC_WARN_64_TO_32_BIT_CONVERSION = YES;
				GCC_WARN_ABOUT_RETURN_TYPE = YES_ERROR;
				GCC_WARN_UNDECLARED_SELECTOR = YES;
				GCC_WARN_UNINITIALIZED_AUTOS = YES_AGGRESSIVE;
				GCC_WARN_UNUSED_FUNCTION = YES;
				GCC_WARN_UNUSED_VARIABLE = YES;
				IPHONEOS_DEPLOYMENT_TARGET = 17.2;
				LOCALIZATION_PREFERS_STRING_CATALOGS = YES;
				MTL_ENABLE_DEBUG_INFO = INCLUDE_SOURCE;
				MTL_FAST_MATH = YES;
				ONLY_ACTIVE_ARCH = YES;
				SDKROOT = iphoneos;
				SWIFT_ACTIVE_COMPILATION_CONDITIONS = "DEBUG $(inherited)";
				SWIFT_OPTIMIZATION_LEVEL = "-Onone";
			};
			name = Debug;
		};
		EE3901082C6BFDC50091674D /* Release */ = {
			isa = XCBuildConfiguration;
			buildSettings = {
				ALWAYS_SEARCH_USER_PATHS = NO;
				ASSETCATALOG_COMPILER_GENERATE_SWIFT_ASSET_SYMBOL_EXTENSIONS = YES;
				CLANG_ANALYZER_NONNULL = YES;
				CLANG_ANALYZER_NUMBER_OBJECT_CONVERSION = YES_AGGRESSIVE;
				CLANG_CXX_LANGUAGE_STANDARD = "gnu++20";
				CLANG_ENABLE_MODULES = YES;
				CLANG_ENABLE_OBJC_ARC = YES;
				CLANG_ENABLE_OBJC_WEAK = YES;
				CLANG_WARN_BLOCK_CAPTURE_AUTORELEASING = YES;
				CLANG_WARN_BOOL_CONVERSION = YES;
				CLANG_WARN_COMMA = YES;
				CLANG_WARN_CONSTANT_CONVERSION = YES;
				CLANG_WARN_DEPRECATED_OBJC_IMPLEMENTATIONS = YES;
				CLANG_WARN_DIRECT_OBJC_ISA_USAGE = YES_ERROR;
				CLANG_WARN_DOCUMENTATION_COMMENTS = YES;
				CLANG_WARN_EMPTY_BODY = YES;
				CLANG_WARN_ENUM_CONVERSION = YES;
				CLANG_WARN_INFINITE_RECURSION = YES;
				CLANG_WARN_INT_CONVERSION = YES;
				CLANG_WARN_NON_LITERAL_NULL_CONVERSION = YES;
				CLANG_WARN_OBJC_IMPLICIT_RETAIN_SELF = YES;
				CLANG_WARN_OBJC_LITERAL_CONVERSION = YES;
				CLANG_WARN_OBJC_ROOT_CLASS = YES_ERROR;
				CLANG_WARN_QUOTED_INCLUDE_IN_FRAMEWORK_HEADER = YES;
				CLANG_WARN_RANGE_LOOP_ANALYSIS = YES;
				CLANG_WARN_STRICT_PROTOTYPES = YES;
				CLANG_WARN_SUSPICIOUS_MOVE = YES;
				CLANG_WARN_UNGUARDED_AVAILABILITY = YES_AGGRESSIVE;
				CLANG_WARN_UNREACHABLE_CODE = YES;
				CLANG_WARN__DUPLICATE_METHOD_MATCH = YES;
				COPY_PHASE_STRIP = NO;
				DEBUG_INFORMATION_FORMAT = "dwarf-with-dsym";
				ENABLE_NS_ASSERTIONS = NO;
				ENABLE_STRICT_OBJC_MSGSEND = YES;
				ENABLE_USER_SCRIPT_SANDBOXING = YES;
				GCC_C_LANGUAGE_STANDARD = gnu17;
				GCC_NO_COMMON_BLOCKS = YES;
				GCC_WARN_64_TO_32_BIT_CONVERSION = YES;
				GCC_WARN_ABOUT_RETURN_TYPE = YES_ERROR;
				GCC_WARN_UNDECLARED_SELECTOR = YES;
				GCC_WARN_UNINITIALIZED_AUTOS = YES_AGGRESSIVE;
				GCC_WARN_UNUSED_FUNCTION = YES;
				GCC_WARN_UNUSED_VARIABLE = YES;
				IPHONEOS_DEPLOYMENT_TARGET = 17.2;
				LOCALIZATION_PREFERS_STRING_CATALOGS = YES;
				MTL_ENABLE_DEBUG_INFO = NO;
				MTL_FAST_MATH = YES;
				SDKROOT = iphoneos;
				SWIFT_COMPILATION_MODE = wholemodule;
				VALIDATE_PRODUCT = YES;
			};
			name = Release;
		};
		EE39010A2C6BFDC50091674D /* Debug */ = {
			isa = XCBuildConfiguration;
			buildSettings = {
				ASSETCATALOG_COMPILER_APPICON_NAME = AppIcon;
				ASSETCATALOG_COMPILER_GLOBAL_ACCENT_COLOR_NAME = AccentColor;
				CODE_SIGN_STYLE = Automatic;
				CURRENT_PROJECT_VERSION = 1;
				DEVELOPMENT_ASSET_PATHS = "\"TikTokClone/Preview Content\"";
				DEVELOPMENT_TEAM = X7892LLAZC;
				ENABLE_PREVIEWS = YES;
				GENERATE_INFOPLIST_FILE = YES;
				INFOPLIST_KEY_UIApplicationSceneManifest_Generation = YES;
				INFOPLIST_KEY_UIApplicationSupportsIndirectInputEvents = YES;
				INFOPLIST_KEY_UILaunchScreen_Generation = YES;
				INFOPLIST_KEY_UISupportedInterfaceOrientations_iPad = "UIInterfaceOrientationPortrait UIInterfaceOrientationPortraitUpsideDown UIInterfaceOrientationLandscapeLeft UIInterfaceOrientationLandscapeRight";
				INFOPLIST_KEY_UISupportedInterfaceOrientations_iPhone = "UIInterfaceOrientationPortrait UIInterfaceOrientationLandscapeLeft UIInterfaceOrientationLandscapeRight";
				LD_RUNPATH_SEARCH_PATHS = (
					"$(inherited)",
					"@executable_path/Frameworks",
				);
				MARKETING_VERSION = 1.0;
				PRODUCT_BUNDLE_IDENTIFIER = me.hu.oliver.TikTokClone;
				PRODUCT_NAME = "$(TARGET_NAME)";
				SWIFT_EMIT_LOC_STRINGS = YES;
				SWIFT_VERSION = 5.0;
				TARGETED_DEVICE_FAMILY = "1,2";
			};
			name = Debug;
		};
		EE39010B2C6BFDC50091674D /* Release */ = {
			isa = XCBuildConfiguration;
			buildSettings = {
				ASSETCATALOG_COMPILER_APPICON_NAME = AppIcon;
				ASSETCATALOG_COMPILER_GLOBAL_ACCENT_COLOR_NAME = AccentColor;
				CODE_SIGN_STYLE = Automatic;
				CURRENT_PROJECT_VERSION = 1;
				DEVELOPMENT_ASSET_PATHS = "\"TikTokClone/Preview Content\"";
				DEVELOPMENT_TEAM = X7892LLAZC;
				ENABLE_PREVIEWS = YES;
				GENERATE_INFOPLIST_FILE = YES;
				INFOPLIST_KEY_UIApplicationSceneManifest_Generation = YES;
				INFOPLIST_KEY_UIApplicationSupportsIndirectInputEvents = YES;
				INFOPLIST_KEY_UILaunchScreen_Generation = YES;
				INFOPLIST_KEY_UISupportedInterfaceOrientations_iPad = "UIInterfaceOrientationPortrait UIInterfaceOrientationPortraitUpsideDown UIInterfaceOrientationLandscapeLeft UIInterfaceOrientationLandscapeRight";
				INFOPLIST_KEY_UISupportedInterfaceOrientations_iPhone = "UIInterfaceOrientationPortrait UIInterfaceOrientationLandscapeLeft UIInterfaceOrientationLandscapeRight";
				LD_RUNPATH_SEARCH_PATHS = (
					"$(inherited)",
					"@executable_path/Frameworks",
				);
				MARKETING_VERSION = 1.0;
				PRODUCT_BUNDLE_IDENTIFIER = me.hu.oliver.TikTokClone;
				PRODUCT_NAME = "$(TARGET_NAME)";
				SWIFT_EMIT_LOC_STRINGS = YES;
				SWIFT_VERSION = 5.0;
				TARGETED_DEVICE_FAMILY = "1,2";
			};
			name = Release;
		};
/* End XCBuildConfiguration section */

/* Begin XCConfigurationList section */
		EE3900F62C6BFDC30091674D /* Build configuration list for PBXProject "TikTokClone" */ = {
			isa = XCConfigurationList;
			buildConfigurations = (
				EE3901072C6BFDC50091674D /* Debug */,
				EE3901082C6BFDC50091674D /* Release */,
			);
			defaultConfigurationIsVisible = 0;
			defaultConfigurationName = Release;
		};
		EE3901092C6BFDC50091674D /* Build configuration list for PBXNativeTarget "TikTokClone" */ = {
			isa = XCConfigurationList;
			buildConfigurations = (
				EE39010A2C6BFDC50091674D /* Debug */,
				EE39010B2C6BFDC50091674D /* Release */,
			);
			defaultConfigurationIsVisible = 0;
			defaultConfigurationName = Release;
		};
/* End XCConfigurationList section */

/* Begin XCRemoteSwiftPackageReference section */
		EE904B1D2C7FBE9000D5AAFB /* XCRemoteSwiftPackageReference "firebase-ios-sdk" */ = {
			isa = XCRemoteSwiftPackageReference;
			repositoryURL = "https://github.com/firebase/firebase-ios-sdk";
			requirement = {
				kind = upToNextMajorVersion;
				minimumVersion = 11.1.0;
			};
		};
/* End XCRemoteSwiftPackageReference section */

/* Begin XCSwiftPackageProductDependency section */
		EE904B1E2C7FBE9000D5AAFB /* FirebaseAnalytics */ = {
			isa = XCSwiftPackageProductDependency;
			package = EE904B1D2C7FBE9000D5AAFB /* XCRemoteSwiftPackageReference "firebase-ios-sdk" */;
			productName = FirebaseAnalytics;
		};
		EE904B202C7FBE9000D5AAFB /* FirebaseAnalyticsOnDeviceConversion */ = {
			isa = XCSwiftPackageProductDependency;
			package = EE904B1D2C7FBE9000D5AAFB /* XCRemoteSwiftPackageReference "firebase-ios-sdk" */;
			productName = FirebaseAnalyticsOnDeviceConversion;
		};
		EE904B222C7FBE9000D5AAFB /* FirebaseAnalyticsWithoutAdIdSupport */ = {
			isa = XCSwiftPackageProductDependency;
			package = EE904B1D2C7FBE9000D5AAFB /* XCRemoteSwiftPackageReference "firebase-ios-sdk" */;
			productName = FirebaseAnalyticsWithoutAdIdSupport;
		};
		EE904B242C7FBE9000D5AAFB /* FirebaseAppCheck */ = {
			isa = XCSwiftPackageProductDependency;
			package = EE904B1D2C7FBE9000D5AAFB /* XCRemoteSwiftPackageReference "firebase-ios-sdk" */;
			productName = FirebaseAppCheck;
		};
		EE904B262C7FBE9000D5AAFB /* FirebaseAppDistribution-Beta */ = {
			isa = XCSwiftPackageProductDependency;
			package = EE904B1D2C7FBE9000D5AAFB /* XCRemoteSwiftPackageReference "firebase-ios-sdk" */;
			productName = "FirebaseAppDistribution-Beta";
		};
		EE904B332C8260D800D5AAFB /* FirebaseAuth */ = {
			isa = XCSwiftPackageProductDependency;
			package = EE904B1D2C7FBE9000D5AAFB /* XCRemoteSwiftPackageReference "firebase-ios-sdk" */;
			productName = FirebaseAuth;
		};
		EE904B352C8260D800D5AAFB /* FirebaseDatabase */ = {
			isa = XCSwiftPackageProductDependency;
			package = EE904B1D2C7FBE9000D5AAFB /* XCRemoteSwiftPackageReference "firebase-ios-sdk" */;
			productName = FirebaseDatabase;
		};
		EE904B372C8260D800D5AAFB /* FirebaseFirestore */ = {
			isa = XCSwiftPackageProductDependency;
			package = EE904B1D2C7FBE9000D5AAFB /* XCRemoteSwiftPackageReference "firebase-ios-sdk" */;
			productName = FirebaseFirestore;
		};
		EE904B392C8260D800D5AAFB /* FirebaseStorage */ = {
			isa = XCSwiftPackageProductDependency;
			package = EE904B1D2C7FBE9000D5AAFB /* XCRemoteSwiftPackageReference "firebase-ios-sdk" */;
			productName = FirebaseStorage;
		};
/* End XCSwiftPackageProductDependency section */
	};
	rootObject = EE3900F32C6BFDC30091674D /* Project object */;
}
